
Microsoft Visual Studio Solution File, Format Version 12.00
# Visual Studio 15
VisualStudioVersion = 15.0.26730.12
MinimumVisualStudioVersion = 10.0.40219.1
Project("{FAE04EC0-301F-11D3-BF4B-00C04F79EFBC}") = "AlgStrLab1", "AlgStrLab1\AlgStrLab1.csproj", "{62C647E5-C4C9-4EB6-98D8-76DAE2BABECE}"
EndProject
Global
	GlobalSection(SolutionConfigurationPlatforms) = preSolution
		Debug|Any CPU = Debug|Any CPU
		Release|Any CPU = Release|Any CPU
	EndGlobalSection
	GlobalSection(ProjectConfigurationPlatforms) = postSolution
		{62C647E5-C4C9-4EB6-98D8-76DAE2BABECE}.Debug|Any CPU.ActiveCfg = Debug|Any CPU
		{62C647E5-C4C9-4EB6-98D8-76DAE2BABECE}.Debug|Any CPU.Build.0 = Debug|Any CPU
		{62C647E5-C4C9-4EB6-98D8-76DAE2BABECE}.Release|Any CPU.ActiveCfg = Release|Any CPU
		{62C647E5-C4C9-4EB6-98D8-76DAE2BABECE}.Release|Any CPU.Build.0 = Release|Any CPU
	EndGlobalSection
	GlobalSection(SolutionProperties) = preSolution
		HideSolutionNode = FALSE
	EndGlobalSection
	GlobalSection(ExtensibilityGlobals) = postSolution
		SolutionGuid = {E5D08B02-D8FA-4678-A18C-79DB8CD4DCCB}
	EndGlobalSection
EndGlobal
